PODS:
  - CarenetSDK (0.1.0):
    - FirebaseCommunity/Auth
    - FirebaseCommunity/Database
    - FirebaseCommunity/Storage
    - JVFloatLabeledTextField
    - VisualEffectView
  - FirebaseCommunity/Auth (0.1.3):
    - FirebaseCommunity/Core
    - GoogleToolboxForMac/NSDictionary+URLArguments (~> 2.1)
    - GTMSessionFetcher/Core (~> 1.1)
  - FirebaseCommunity/Core (0.1.3):
    - FirebaseCommunity/Root
    - GoogleToolboxForMac/NSData+zlib (~> 2.1)
  - FirebaseCommunity/Database (0.1.3):
    - FirebaseCommunity/Core
    - leveldb-library
  - FirebaseCommunity/Root (0.1.3)
  - FirebaseCommunity/Storage (0.1.3):
    - FirebaseCommunity/Core
    - GTMSessionFetcher/Core (~> 1.1)
  - GoogleToolboxForMac/DebugUtils (2.1.3):
    - GoogleToolboxForMac/Defines (= 2.1.3)
  - GoogleToolboxForMac/Defines (2.1.3)
  - GoogleToolboxForMac/NSData+zlib (2.1.3):
    - GoogleToolboxForMac/Defines (= 2.1.3)
  - GoogleToolboxForMac/NSDictionary+URLArguments (2.1.3):
    - GoogleToolboxForMac/DebugUtils (= 2.1.3)
    - GoogleToolboxForMac/Defines (= 2.1.3)
    - GoogleToolboxForMac/NSString+URLArguments (= 2.1.3)
  - GoogleToolboxForMac/NSString+URLArguments (2.1.3)
  - GTMSessionFetcher/Core (1.1.12)
  - JVFloatLabeledTextField (1.2.1)
  - leveldb-library (1.18.3)
  - VisualEffectView (3.0.0)

DEPENDENCIES:
  - CarenetSDK (from `../`)

EXTERNAL SOURCES:
  CarenetSDK:
    :path: ../

SPEC CHECKSUMS:
  CarenetSDK: f8e35a9c695b2c720b23d706a603d502d2b0f9a2
  FirebaseCommunity: 577bff60785dfe3fb214c8d3993477fc44286fb6
  GoogleToolboxForMac: 2501e2ad72a52eb3dfe7bd9aee7dad11b858bd20
  GTMSessionFetcher: ebaa1f79a5366922c1735f1566901f50beba23b7
  JVFloatLabeledTextField: cfc44e3c4d493b2ed92ede8035e8e89c2912ba64
  leveldb-library: 10fb39c39e243db4af1828441162405bbcec1404
  VisualEffectView: d47d295c68bf1b8648aa8e7d6eb4acf6dc18ea12

PODFILE CHECKSUM: 502f4ae72100e09507f62ef78f5db80beb3a0c43

COCOAPODS: 1.3.1
